
Microsoft Visual Studio Solution File, Format Version 12.00
# Visual Studio Version 17
VisualStudioVersion = 17.10.35122.118
MinimumVisualStudioVersion = 10.0.40219.1
Project("{9A19103F-16F7-4668-BE54-9A1E7A4F7556}") = "WPFComponents", "WPFComponents\WPFComponents.csproj", "{E121F701-71E0-48E9-AC2D-702DC9B65AD7}"
EndProject
Project("{888888A0-9F3D-457C-B088-3A5042F75D52}") = "PyRecognize-main", "PyRecognize-main\PyRecognize-main.pyproj", "{C18E0D21-57EE-48FF-AD8E-3857504D3E87}"
EndProject
Project("{FAE04EC0-301F-11D3-BF4B-00C04F79EFBC}") = "Nodify", "nodify\Nodify\Nodify.csproj", "{B3EDB95F-AD53-4714-ACAA-AE2AE7AF2F4B}"
EndProject
Project("{FAE04EC0-301F-11D3-BF4B-00C04F79EFBC}") = "Nodify.Calculator", "nodify\Examples\Nodify.Calculator\Nodify.Calculator.csproj", "{3591A992-5A89-484F-92E9-13251D022001}"
EndProject
Project("{FAE04EC0-301F-11D3-BF4B-00C04F79EFBC}") = "Nodify.Shared", "nodify\Examples\Nodify.Shared\Nodify.Shared.csproj", "{946571CF-3CC7-4138-B1DF-3C159A3CED28}"
EndProject
Project("{FAE04EC0-301F-11D3-BF4B-00C04F79EFBC}") = "SkyUtils", "SkyUtils\SkyUtils.csproj", "{1245D6C4-7450-4143-A23E-5E103A9A292E}"
EndProject
Project("{FAE04EC0-301F-11D3-BF4B-00C04F79EFBC}") = "DebugConsole", "DebugConsole\DebugConsole.csproj", "{B98FD26B-1655-4CB9-8781-274EAA6793D1}"
EndProject
Project("{FAE04EC0-301F-11D3-BF4B-00C04F79EFBC}") = "SkyTests", "SkyTests\SkyTests.csproj", "{BAC0E66B-7ACD-436F-AC5A-C271E6099BBA}"
EndProject
Global
	GlobalSection(SolutionConfigurationPlatforms) = preSolution
		Debug|Any CPU = Debug|Any CPU
		Release|Any CPU = Release|Any CPU
	EndGlobalSection
	GlobalSection(ProjectConfigurationPlatforms) = postSolution
		{E121F701-71E0-48E9-AC2D-702DC9B65AD7}.Debug|Any CPU.ActiveCfg = Debug|Any CPU
		{E121F701-71E0-48E9-AC2D-702DC9B65AD7}.Debug|Any CPU.Build.0 = Debug|Any CPU
		{E121F701-71E0-48E9-AC2D-702DC9B65AD7}.Release|Any CPU.ActiveCfg = Release|Any CPU
		{E121F701-71E0-48E9-AC2D-702DC9B65AD7}.Release|Any CPU.Build.0 = Release|Any CPU
		{C18E0D21-57EE-48FF-AD8E-3857504D3E87}.Debug|Any CPU.ActiveCfg = Debug|Any CPU
		{C18E0D21-57EE-48FF-AD8E-3857504D3E87}.Release|Any CPU.ActiveCfg = Release|Any CPU
		{B3EDB95F-AD53-4714-ACAA-AE2AE7AF2F4B}.Debug|Any CPU.ActiveCfg = Debug|Any CPU
		{B3EDB95F-AD53-4714-ACAA-AE2AE7AF2F4B}.Debug|Any CPU.Build.0 = Debug|Any CPU
		{B3EDB95F-AD53-4714-ACAA-AE2AE7AF2F4B}.Release|Any CPU.ActiveCfg = Release|Any CPU
		{B3EDB95F-AD53-4714-ACAA-AE2AE7AF2F4B}.Release|Any CPU.Build.0 = Release|Any CPU
		{3591A992-5A89-484F-92E9-13251D022001}.Debug|Any CPU.ActiveCfg = Debug|Any CPU
		{3591A992-5A89-484F-92E9-13251D022001}.Debug|Any CPU.Build.0 = Debug|Any CPU
		{3591A992-5A89-484F-92E9-13251D022001}.Release|Any CPU.ActiveCfg = Release|Any CPU
		{3591A992-5A89-484F-92E9-13251D022001}.Release|Any CPU.Build.0 = Release|Any CPU
		{946571CF-3CC7-4138-B1DF-3C159A3CED28}.Debug|Any CPU.ActiveCfg = Debug|Any CPU
		{946571CF-3CC7-4138-B1DF-3C159A3CED28}.Debug|Any CPU.Build.0 = Debug|Any CPU
		{946571CF-3CC7-4138-B1DF-3C159A3CED28}.Release|Any CPU.ActiveCfg = Release|Any CPU
		{946571CF-3CC7-4138-B1DF-3C159A3CED28}.Release|Any CPU.Build.0 = Release|Any CPU
		{1245D6C4-7450-4143-A23E-5E103A9A292E}.Debug|Any CPU.ActiveCfg = Debug|Any CPU
		{1245D6C4-7450-4143-A23E-5E103A9A292E}.Debug|Any CPU.Build.0 = Debug|Any CPU
		{1245D6C4-7450-4143-A23E-5E103A9A292E}.Release|Any CPU.ActiveCfg = Release|Any CPU
		{1245D6C4-7450-4143-A23E-5E103A9A292E}.Release|Any CPU.Build.0 = Release|Any CPU
		{B98FD26B-1655-4CB9-8781-274EAA6793D1}.Debug|Any CPU.ActiveCfg = Debug|Any CPU
		{B98FD26B-1655-4CB9-8781-274EAA6793D1}.Debug|Any CPU.Build.0 = Debug|Any CPU
		{B98FD26B-1655-4CB9-8781-274EAA6793D1}.Release|Any CPU.ActiveCfg = Release|Any CPU
		{B98FD26B-1655-4CB9-8781-274EAA6793D1}.Release|Any CPU.Build.0 = Release|Any CPU
		{BAC0E66B-7ACD-436F-AC5A-C271E6099BBA}.Debug|Any CPU.ActiveCfg = Debug|Any CPU
		{BAC0E66B-7ACD-436F-AC5A-C271E6099BBA}.Debug|Any CPU.Build.0 = Debug|Any CPU
		{BAC0E66B-7ACD-436F-AC5A-C271E6099BBA}.Release|Any CPU.ActiveCfg = Release|Any CPU
		{BAC0E66B-7ACD-436F-AC5A-C271E6099BBA}.Release|Any CPU.Build.0 = Release|Any CPU
	EndGlobalSection
	GlobalSection(SolutionProperties) = preSolution
		HideSolutionNode = FALSE
	EndGlobalSection
	GlobalSection(ExtensibilityGlobals) = postSolution
		SolutionGuid = {621757D6-0131-4553-A048-8C75D98DE82E}
	EndGlobalSection
EndGlobal
